{
  "version": 4,
  "terraform_version": "1.12.2",
  "serial": 25,
  "lineage": "f13cdd61-235b-85da-539f-2643a938e036",
  "outputs": {},
  "resources": [
    {
      "module": "module.appservice",
      "mode": "managed",
      "type": "azurerm_linux_web_app",
      "name": "test",
      "provider": "provider[\"registry.terraform.io/hashicorp/azurerm\"]",
      "instances": [
        {
          "schema_version": 1,
          "attributes": {
            "app_settings": {
              "WEBSITE_RUN_FROM_PACKAGE": "0"
            },
            "auth_settings": [],
            "auth_settings_v2": [],
            "backup": [],
            "client_affinity_enabled": false,
            "client_certificate_enabled": false,
            "client_certificate_exclusion_paths": "",
            "client_certificate_mode": "Required",
            "connection_string": [],
            "custom_domain_verification_id": "4B6CB1A63A0A4F970EBD0757173B9F1C8607C724613EF59F3225F432AD803292",
            "default_hostname": "myapplication-appservice-1.azurewebsites.net",
            "enabled": true,
            "ftp_publish_basic_authentication_enabled": true,
            "hosting_environment_id": "",
            "https_only": false,
            "id": "/subscriptions/96587dff-f596-4825-9e39-9563f9ff9df0/resourceGroups/Azuredevops/providers/Microsoft.Web/sites/myApplication-AppService-1",
            "identity": [],
            "key_vault_reference_identity_id": "SystemAssigned",
            "kind": "app,linux",
            "location": "centralus",
            "logs": [],
            "name": "myApplication-AppService-1",
            "outbound_ip_address_list": [
              "52.242.231.60",
              "52.242.231.105",
              "52.242.231.108",
              "52.242.231.116",
              "52.242.231.123",
              "52.242.231.133",
              "20.40.202.15"
            ],
            "outbound_ip_addresses": "52.242.231.60,52.242.231.105,52.242.231.108,52.242.231.116,52.242.231.123,52.242.231.133,20.40.202.15",
            "possible_outbound_ip_address_list": [
              "52.242.231.60",
              "52.242.231.105",
              "52.242.231.108",
              "52.242.231.116",
              "52.242.231.123",
              "52.242.231.133",
              "52.242.231.141",
              "52.242.231.151",
              "52.242.231.161",
              "52.242.231.163",
              "52.242.231.166",
              "52.242.231.198",
              "52.242.231.206",
              "52.242.231.228",
              "52.242.231.235",
              "52.242.231.246",
              "52.242.231.255",
              "52.230.224.25",
              "20.84.226.12",
              "20.84.226.24",
              "20.84.226.56",
              "20.84.226.63",
              "20.84.226.128",
              "20.84.226.133",
              "20.40.202.15"
            ],
            "possible_outbound_ip_addresses": "52.242.231.60,52.242.231.105,52.242.231.108,52.242.231.116,52.242.231.123,52.242.231.133,52.242.231.141,52.242.231.151,52.242.231.161,52.242.231.163,52.242.231.166,52.242.231.198,52.242.231.206,52.242.231.228,52.242.231.235,52.242.231.246,52.242.231.255,52.230.224.25,20.84.226.12,20.84.226.24,20.84.226.56,20.84.226.63,20.84.226.128,20.84.226.133,20.40.202.15",
            "public_network_access_enabled": true,
            "resource_group_name": "Azuredevops",
            "service_plan_id": "/subscriptions/96587dff-f596-4825-9e39-9563f9ff9df0/resourceGroups/Azuredevops/providers/Microsoft.Web/serverFarms/myApplication-AppService-1",
            "site_config": [
              {
                "always_on": false,
                "api_definition_url": "",
                "api_management_api_id": "",
                "app_command_line": "",
                "application_stack": [
                  {
                    "docker_image_name": "",
                    "docker_registry_password": "",
                    "docker_registry_url": "",
                    "docker_registry_username": "",
                    "dotnet_version": "",
                    "go_version": "",
                    "java_server": "",
                    "java_server_version": "",
                    "java_version": "",
                    "node_version": "",
                    "php_version": "",
                    "python_version": "",
                    "ruby_version": ""
                  }
                ],
                "auto_heal_setting": [],
                "container_registry_managed_identity_client_id": "",
                "container_registry_use_managed_identity": false,
                "cors": [],
                "default_documents": [
                  "Default.htm",
                  "Default.html",
                  "Default.asp",
                  "index.htm",
                  "index.html",
                  "iisstart.htm",
                  "default.aspx",
                  "index.php",
                  "hostingstart.html"
                ],
                "detailed_error_logging_enabled": false,
                "ftps_state": "Disabled",
                "health_check_eviction_time_in_min": 0,
                "health_check_path": "",
                "http2_enabled": false,
                "ip_restriction": [],
                "ip_restriction_default_action": "Allow",
                "linux_fx_version": "",
                "load_balancing_mode": "LeastRequests",
                "local_mysql_enabled": false,
                "managed_pipeline_mode": "Integrated",
                "minimum_tls_version": "1.2",
                "remote_debugging_enabled": false,
                "remote_debugging_version": "VS2022",
                "scm_ip_restriction": [],
                "scm_ip_restriction_default_action": "Allow",
                "scm_minimum_tls_version": "1.2",
                "scm_type": "None",
                "scm_use_main_ip_restriction": false,
                "use_32_bit_worker": true,
                "vnet_route_all_enabled": false,
                "websockets_enabled": false,
                "worker_count": 1
              }
            ],
            "site_credential": [
              {
                "name": "$myApplication-AppService-1",
                "password": "Tei5a1hKY6mCvjKbsewdT2wlKF99kzZGEFYD7np1tWwh1HXpNadm6XB0NnoT"
              }
            ],
            "sticky_settings": [],
            "storage_account": [],
            "tags": {
              "environment": "dev",
              "project": "myApplication"
            },
            "timeouts": null,
            "virtual_network_backup_restore_enabled": false,
            "virtual_network_subnet_id": "",
            "vnet_image_pull_enabled": false,
            "webdeploy_publish_basic_authentication_enabled": true,
            "zip_deploy_file": ""
          },
          "sensitive_attributes": [
            [
              {
                "type": "get_attr",
                "value": "custom_domain_verification_id"
              }
            ],
            [
              {
                "type": "get_attr",
                "value": "site_config"
              },
              {
                "type": "index",
                "value": {
                  "value": 0,
                  "type": "number"
                }
              },
              {
                "type": "get_attr",
                "value": "application_stack"
              },
              {
                "type": "index",
                "value": {
                  "value": 0,
                  "type": "number"
                }
              },
              {
                "type": "get_attr",
                "value": "docker_registry_password"
              }
            ],
            [
              {
                "type": "get_attr",
                "value": "site_credential"
              }
            ]
          ],
          "identity_schema_version": 0,
          "private": "eyJlMmJmYjczMC1lY2FhLTExZTYtOGY4OC0zNDM2M2JjN2M0YzAiOnsiY3JlYXRlIjoxODAwMDAwMDAwMDAwLCJkZWxldGUiOjE4MDAwMDAwMDAwMDAsInJlYWQiOjMwMDAwMDAwMDAwMCwidXBkYXRlIjoxODAwMDAwMDAwMDAwfSwic2NoZW1hX3ZlcnNpb24iOiIxIn0=",
          "dependencies": [
            "module.appservice.azurerm_service_plan.test",
            "module.resource_group.azurerm_resource_group.test"
          ]
        }
      ]
    },
    {
      "module": "module.appservice",
      "mode": "managed",
      "type": "azurerm_service_plan",
      "name": "test",
      "provider": "provider[\"registry.terraform.io/hashicorp/azurerm\"]",
      "instances": [
        {
          "schema_version": 1,
          "attributes": {
            "app_service_environment_id": "",
            "id": "/subscriptions/96587dff-f596-4825-9e39-9563f9ff9df0/resourceGroups/Azuredevops/providers/Microsoft.Web/serverFarms/myApplication-AppService-1",
            "kind": "linux",
            "location": "centralus",
            "maximum_elastic_worker_count": 1,
            "name": "myApplication-AppService-1",
            "os_type": "Linux",
            "per_site_scaling_enabled": false,
            "premium_plan_auto_scale_enabled": false,
            "reserved": true,
            "resource_group_name": "Azuredevops",
            "sku_name": "S1",
            "tags": {
              "environment": "dev",
              "project": "myApplication"
            },
            "timeouts": null,
            "worker_count": 1,
            "zone_balancing_enabled": false
          },
          "sensitive_attributes": [],
          "identity_schema_version": 0,
          "private": "eyJlMmJmYjczMC1lY2FhLTExZTYtOGY4OC0zNDM2M2JjN2M0YzAiOnsiY3JlYXRlIjozNjAwMDAwMDAwMDAwLCJkZWxldGUiOjM2MDAwMDAwMDAwMDAsInJlYWQiOjMwMDAwMDAwMDAwMCwidXBkYXRlIjozNjAwMDAwMDAwMDAwfSwic2NoZW1hX3ZlcnNpb24iOiIxIn0=",
          "dependencies": [
            "module.resource_group.azurerm_resource_group.test"
          ]
        }
      ]
    },
    {
      "module": "module.network",
      "mode": "managed",
      "type": "azurerm_subnet",
      "name": "test",
      "provider": "provider[\"registry.terraform.io/hashicorp/azurerm\"]",
      "instances": [
        {
          "schema_version": 0,
          "attributes": {
            "address_prefixes": [
              "10.5.1.0/24"
            ],
            "default_outbound_access_enabled": true,
            "delegation": [],
            "id": "/subscriptions/96587dff-f596-4825-9e39-9563f9ff9df0/resourceGroups/Azuredevops/providers/Microsoft.Network/virtualNetworks/myApplication-NET/subnets/myApplication-NET-sub",
            "ip_address_pool": [],
            "name": "myApplication-NET-sub",
            "private_endpoint_network_policies": "Disabled",
            "private_link_service_network_policies_enabled": true,
            "resource_group_name": "Azuredevops",
            "service_endpoint_policy_ids": [],
            "service_endpoints": [],
            "timeouts": null,
            "virtual_network_name": "myApplication-NET"
          },
          "sensitive_attributes": [],
          "identity_schema_version": 0,
          "identity": {
            "name": "myApplication-NET-sub",
            "resource_group_name": "Azuredevops",
            "subscription_id": "96587dff-f596-4825-9e39-9563f9ff9df0",
            "virtual_network_name": "myApplication-NET"
          },
          "private": "eyJlMmJmYjczMC1lY2FhLTExZTYtOGY4OC0zNDM2M2JjN2M0YzAiOnsiY3JlYXRlIjoxODAwMDAwMDAwMDAwLCJkZWxldGUiOjE4MDAwMDAwMDAwMDAsInJlYWQiOjMwMDAwMDAwMDAwMCwidXBkYXRlIjoxODAwMDAwMDAwMDAwfSwic2NoZW1hX3ZlcnNpb24iOiIwIn0=",
          "dependencies": [
            "module.network.azurerm_virtual_network.test",
            "module.resource_group.azurerm_resource_group.test"
          ]
        }
      ]
    },
    {
      "module": "module.network",
      "mode": "managed",
      "type": "azurerm_virtual_network",
      "name": "test",
      "provider": "provider[\"registry.terraform.io/hashicorp/azurerm\"]",
      "instances": [
        {
          "schema_version": 0,
          "attributes": {
            "address_space": [
              "10.5.0.0/16"
            ],
            "bgp_community": "",
            "ddos_protection_plan": [],
            "dns_servers": [],
            "edge_zone": "",
            "encryption": [],
            "flow_timeout_in_minutes": 0,
            "guid": "7c71d7e5-8c67-4300-a8bf-b61f24774e36",
            "id": "/subscriptions/96587dff-f596-4825-9e39-9563f9ff9df0/resourceGroups/Azuredevops/providers/Microsoft.Network/virtualNetworks/myApplication-NET",
            "ip_address_pool": [],
            "location": "centralus",
            "name": "myApplication-NET",
            "private_endpoint_vnet_policies": "Disabled",
            "resource_group_name": "Azuredevops",
            "subnet": [
              {
                "address_prefixes": [
                  "10.5.1.0/24"
                ],
                "default_outbound_access_enabled": true,
                "delegation": [],
                "id": "/subscriptions/96587dff-f596-4825-9e39-9563f9ff9df0/resourceGroups/Azuredevops/providers/Microsoft.Network/virtualNetworks/myApplication-NET/subnets/myApplication-NET-sub",
                "name": "myApplication-NET-sub",
                "private_endpoint_network_policies": "Disabled",
                "private_link_service_network_policies_enabled": true,
                "route_table_id": "",
                "security_group": "/subscriptions/96587dff-f596-4825-9e39-9563f9ff9df0/resourceGroups/Azuredevops/providers/Microsoft.Network/networkSecurityGroups/myApplication-NSG",
                "service_endpoint_policy_ids": [],
                "service_endpoints": []
              }
            ],
            "tags": {},
            "timeouts": null
          },
          "sensitive_attributes": [],
          "identity_schema_version": 0,
          "identity": {
            "name": "myApplication-NET",
            "resource_group_name": "Azuredevops",
            "subscription_id": "96587dff-f596-4825-9e39-9563f9ff9df0"
          },
          "private": "eyJlMmJmYjczMC1lY2FhLTExZTYtOGY4OC0zNDM2M2JjN2M0YzAiOnsiY3JlYXRlIjoxODAwMDAwMDAwMDAwLCJkZWxldGUiOjE4MDAwMDAwMDAwMDAsInJlYWQiOjMwMDAwMDAwMDAwMCwidXBkYXRlIjoxODAwMDAwMDAwMDAwfX0=",
          "dependencies": [
            "module.resource_group.azurerm_resource_group.test"
          ]
        }
      ]
    },
    {
      "module": "module.nsg-test",
      "mode": "managed",
      "type": "azurerm_network_security_group",
      "name": "nsg",
      "provider": "provider[\"registry.terraform.io/hashicorp/azurerm\"]",
      "instances": [
        {
          "schema_version": 0,
          "attributes": {
            "id": "/subscriptions/96587dff-f596-4825-9e39-9563f9ff9df0/resourceGroups/Azuredevops/providers/Microsoft.Network/networkSecurityGroups/myApplication-NSG",
            "location": "centralus",
            "name": "myApplication-NSG",
            "resource_group_name": "Azuredevops",
            "security_rule": [
              {
                "access": "Allow",
                "description": "",
                "destination_address_prefix": "*",
                "destination_address_prefixes": [],
                "destination_application_security_group_ids": [],
                "destination_port_range": "22",
                "destination_port_ranges": [],
                "direction": "Inbound",
                "name": "SSH",
                "priority": 1001,
                "protocol": "Tcp",
                "source_address_prefix": "*",
                "source_address_prefixes": [],
                "source_application_security_group_ids": [],
                "source_port_range": "*",
                "source_port_ranges": []
              },
              {
                "access": "Allow",
                "description": "",
                "destination_address_prefix": "*",
                "destination_address_prefixes": [],
                "destination_application_security_group_ids": [],
                "destination_port_range": "5000",
                "destination_port_ranges": [],
                "direction": "Inbound",
                "name": "myApplication-NSG-5000",
                "priority": 100,
                "protocol": "Tcp",
                "source_address_prefix": "10.5.1.0/24",
                "source_address_prefixes": [],
                "source_application_security_group_ids": [],
                "source_port_range": "*",
                "source_port_ranges": []
              }
            ],
            "tags": {},
            "timeouts": null
          },
          "sensitive_attributes": [],
          "identity_schema_version": 0,
          "identity": {
            "name": "myApplication-NSG",
            "resource_group_name": "Azuredevops",
            "subscription_id": "96587dff-f596-4825-9e39-9563f9ff9df0"
          },
          "private": "eyJlMmJmYjczMC1lY2FhLTExZTYtOGY4OC0zNDM2M2JjN2M0YzAiOnsiY3JlYXRlIjoxODAwMDAwMDAwMDAwLCJkZWxldGUiOjE4MDAwMDAwMDAwMDAsInJlYWQiOjMwMDAwMDAwMDAwMCwidXBkYXRlIjoxODAwMDAwMDAwMDAwfX0=",
          "dependencies": [
            "module.resource_group.azurerm_resource_group.test"
          ]
        }
      ]
    },
    {
      "module": "module.nsg-test",
      "mode": "managed",
      "type": "azurerm_subnet_network_security_group_association",
      "name": "test",
      "provider": "provider[\"registry.terraform.io/hashicorp/azurerm\"]",
      "instances": [
        {
          "schema_version": 0,
          "attributes": {
            "id": "/subscriptions/96587dff-f596-4825-9e39-9563f9ff9df0/resourceGroups/Azuredevops/providers/Microsoft.Network/virtualNetworks/myApplication-NET/subnets/myApplication-NET-sub",
            "network_security_group_id": "/subscriptions/96587dff-f596-4825-9e39-9563f9ff9df0/resourceGroups/Azuredevops/providers/Microsoft.Network/networkSecurityGroups/myApplication-NSG",
            "subnet_id": "/subscriptions/96587dff-f596-4825-9e39-9563f9ff9df0/resourceGroups/Azuredevops/providers/Microsoft.Network/virtualNetworks/myApplication-NET/subnets/myApplication-NET-sub",
            "timeouts": null
          },
          "sensitive_attributes": [],
          "identity_schema_version": 0,
          "private": "eyJlMmJmYjczMC1lY2FhLTExZTYtOGY4OC0zNDM2M2JjN2M0YzAiOnsiY3JlYXRlIjoxODAwMDAwMDAwMDAwLCJkZWxldGUiOjE4MDAwMDAwMDAwMDAsInJlYWQiOjMwMDAwMDAwMDAwMH0sInNjaGVtYV92ZXJzaW9uIjoiMCJ9"
        }
      ]
    },
    {
      "module": "module.publicip",
      "mode": "managed",
      "type": "azurerm_public_ip",
      "name": "test",
      "provider": "provider[\"registry.terraform.io/hashicorp/azurerm\"]",
      "instances": [
        {
          "schema_version": 0,
          "attributes": {
            "allocation_method": "Static",
            "ddos_protection_mode": "VirtualNetworkInherited",
            "ddos_protection_plan_id": null,
            "domain_name_label": null,
            "domain_name_label_scope": null,
            "edge_zone": "",
            "fqdn": null,
            "id": "/subscriptions/96587dff-f596-4825-9e39-9563f9ff9df0/resourceGroups/Azuredevops/providers/Microsoft.Network/publicIPAddresses/myApplication-publicip-pubip",
            "idle_timeout_in_minutes": 4,
            "ip_address": "172.171.8.192",
            "ip_tags": {},
            "ip_version": "IPv4",
            "location": "centralus",
            "name": "myApplication-publicip-pubip",
            "public_ip_prefix_id": null,
            "resource_group_name": "Azuredevops",
            "reverse_fqdn": null,
            "sku": "Standard",
            "sku_tier": "Regional",
            "tags": {
              "environment": "dev",
              "project": "myApplication"
            },
            "timeouts": null,
            "zones": []
          },
          "sensitive_attributes": [],
          "identity_schema_version": 0,
          "private": "eyJlMmJmYjczMC1lY2FhLTExZTYtOGY4OC0zNDM2M2JjN2M0YzAiOnsiY3JlYXRlIjoxODAwMDAwMDAwMDAwLCJkZWxldGUiOjE4MDAwMDAwMDAwMDAsInJlYWQiOjMwMDAwMDAwMDAwMCwidXBkYXRlIjoxODAwMDAwMDAwMDAwfSwic2NoZW1hX3ZlcnNpb24iOiIwIn0=",
          "dependencies": [
            "module.resource_group.azurerm_resource_group.test"
          ]
        }
      ]
    },
    {
      "module": "module.resource_group",
      "mode": "managed",
      "type": "azurerm_resource_group",
      "name": "test",
      "provider": "provider[\"registry.terraform.io/hashicorp/azurerm\"]",
      "instances": [
        {
          "schema_version": 0,
          "attributes": {
            "id": "/subscriptions/96587dff-f596-4825-9e39-9563f9ff9df0/resourceGroups/Azuredevops",
            "location": "centralus",
            "managed_by": "",
            "name": "Azuredevops",
            "tags": {},
            "timeouts": null
          },
          "sensitive_attributes": [],
          "identity_schema_version": 0,
          "private": "eyJlMmJmYjczMC1lY2FhLTExZTYtOGY4OC0zNDM2M2JjN2M0YzAiOnsiY3JlYXRlIjo1NDAwMDAwMDAwMDAwLCJkZWxldGUiOjU0MDAwMDAwMDAwMDAsInJlYWQiOjMwMDAwMDAwMDAwMCwidXBkYXRlIjo1NDAwMDAwMDAwMDAwfX0="
        }
      ]
    }
  ],
  "check_results": null
}
